// !$*UTF8*$!
{
	archiveVersion = 1;
	classes = {
	};
	objectVersion = 50;
	objects = {

/* Begin PBXBuildFile section */
		28D1D8632449452C009AD8C8 /* AppDelegate.swift in Sources */ = {isa = PBXBuildFile; fileRef = 28D1D8622449452C009AD8C8 /* AppDelegate.swift */; };
		28D1D8652449452C009AD8C8 /* SceneDelegate.swift in Sources */ = {isa = PBXBuildFile; fileRef = 28D1D8642449452C009AD8C8 /* SceneDelegate.swift */; };
		28D1D8682449452C009AD8C8 /* Day86.xcdatamodeld in Sources */ = {isa = PBXBuildFile; fileRef = 28D1D8662449452C009AD8C8 /* Day86.xcdatamodeld */; };
		28D1D86A2449452C009AD8C8 /* ContentView.swift in Sources */ = {isa = PBXBuildFile; fileRef = 28D1D8692449452C009AD8C8 /* ContentView.swift */; };
		28D1D86C2449452D009AD8C8 /* Assets.xcassets in Resources */ = {isa = PBXBuildFile; fileRef = 28D1D86B2449452D009AD8C8 /* Assets.xcassets */; };
		28D1D86F2449452D009AD8C8 /* Preview Assets.xcassets in Resources */ = {isa = PBXBuildFile; fileRef = 28D1D86E2449452D009AD8C8 /* Preview Assets.xcassets */; };
		28D1D8722449452D009AD8C8 /* LaunchScreen.storyboard in Resources */ = {isa = PBXBuildFile; fileRef = 28D1D8702449452D009AD8C8 /* LaunchScreen.storyboard */; };
		28D1D87D2449452D009AD8C8 /* Day86Tests.swift in Sources */ = {isa = PBXBuildFile; fileRef = 28D1D87C2449452D009AD8C8 /* Day86Tests.swift */; };
		28D1D8882449452E009AD8C8 /* Day86UITests.swift in Sources */ = {isa = PBXBuildFile; fileRef = 28D1D8872449452E009AD8C8 /* Day86UITests.swift */; };
/* End PBXBuildFile section */

/* Begin PBXContainerItemProxy section */
		28D1D8792449452D009AD8C8 /* PBXContainerItemProxy */ = {
			isa = PBXContainerItemProxy;
			containerPortal = 28D1D8572449452C009AD8C8 /* Project object */;
			proxyType = 1;
			remoteGlobalIDString = 28D1D85E2449452C009AD8C8;
			remoteInfo = Day86;
		};
		28D1D8842449452E009AD8C8 /* PBXContainerItemProxy */ = {
			isa = PBXContainerItemProxy;
			containerPortal = 28D1D8572449452C009AD8C8 /* Project object */;
			proxyType = 1;
			remoteGlobalIDString = 28D1D85E2449452C009AD8C8;
			remoteInfo = Day86;
		};
/* End PBXContainerItemProxy section */

/* Begin PBXFileReference section */
		28D1D85F2449452C009AD8C8 /* Day86.app */ = {isa = PBXFileReference; explicitFileType = wrapper.application; includeInIndex = 0; path = Day86.app; sourceTree = BUILT_PRODUCTS_DIR; };
		28D1D8622449452C009AD8C8 /* AppDelegate.swift */ = {isa = PBXFileReference; lastKnownFileType = sourcecode.swift; path = AppDelegate.swift; sourceTree = "<group>"; };
		28D1D8642449452C009AD8C8 /* SceneDelegate.swift */ = {isa = PBXFileReference; lastKnownFileType = sourcecode.swift; path = SceneDelegate.swift; sourceTree = "<group>"; };
		28D1D8672449452C009AD8C8 /* Day86.xcdatamodel */ = {isa = PBXFileReference; lastKnownFileType = wrapper.xcdatamodel; path = Day86.xcdatamodel; sourceTree = "<group>"; };
		28D1D8692449452C009AD8C8 /* ContentView.swift */ = {isa = PBXFileReference; lastKnownFileType = sourcecode.swift; path = ContentView.swift; sourceTree = "<group>"; };
		28D1D86B2449452D009AD8C8 /* Assets.xcassets */ = {isa = PBXFileReference; lastKnownFileType = folder.assetcatalog; path = Assets.xcassets; sourceTree = "<group>"; };
		28D1D86E2449452D009AD8C8 /* Preview Assets.xcassets */ = {isa = PBXFileReference; lastKnownFileType = folder.assetcatalog; path = "Preview Assets.xcassets"; sourceTree = "<group>"; };
		28D1D8712449452D009AD8C8 /* Base */ = {isa = PBXFileReference; lastKnownFileType = file.storyboard; name = Base; path = Base.lproj/LaunchScreen.storyboard; sourceTree = "<group>"; };
		28D1D8732449452D009AD8C8 /* Info.plist */ = {isa = PBXFileReference; lastKnownFileType = text.plist.xml; path = Info.plist; sourceTree = "<group>"; };
		28D1D8782449452D009AD8C8 /* Day86Tests.xctest */ = {isa = PBXFileReference; explicitFileType = wrapper.cfbundle; includeInIndex = 0; path = Day86Tests.xctest; sourceTree = BUILT_PRODUCTS_DIR; };
		28D1D87C2449452D009AD8C8 /* Day86Tests.swift */ = {isa = PBXFileReference; lastKnownFileType = sourcecode.swift; path = Day86Tests.swift; sourceTree = "<group>"; };
		28D1D87E2449452D009AD8C8 /* Info.plist */ = {isa = PBXFileReference; lastKnownFileType = text.plist.xml; path = Info.plist; sourceTree = "<group>"; };
		28D1D8832449452E009AD8C8 /* Day86UITests.xctest */ = {isa = PBXFileReference; explicitFileType = wrapper.cfbundle; includeInIndex = 0; path = Day86UITests.xctest; sourceTree = BUILT_PRODUCTS_DIR; };
		28D1D8872449452E009AD8C8 /* Day86UITests.swift */ = {isa = PBXFileReference; lastKnownFileType = sourcecode.swift; path = Day86UITests.swift; sourceTree = "<group>"; };
		28D1D8892449452E009AD8C8 /* Info.plist */ = {isa = PBXFileReference; lastKnownFileType = text.plist.xml; path = Info.plist; sourceTree = "<group>"; };
/* End PBXFileReference section */

/* Begin PBXFrameworksBuildPhase section */
		28D1D85C2449452C009AD8C8 /* Frameworks */ = {
			isa = PBXFrameworksBuildPhase;
			buildActionMask = 2147483647;
			files = (
			);
			runOnlyForDeploymentPostprocessing = 0;
		};
		28D1D8752449452D009AD8C8 /* Frameworks */ = {
			isa = PBXFrameworksBuildPhase;
			buildActionMask = 2147483647;
			files = (
			);
			runOnlyForDeploymentPostprocessing = 0;
		};
		28D1D8802449452E009AD8C8 /* Frameworks */ = {
			isa = PBXFrameworksBuildPhase;
			buildActionMask = 2147483647;
			files = (
			);
			runOnlyForDeploymentPostprocessing = 0;
		};
/* End PBXFrameworksBuildPhase section */

/* Begin PBXGroup section */
		28D1D8562449452C009AD8C8 = {
			isa = PBXGroup;
			children = (
				28D1D8612449452C009AD8C8 /* Day86 */,
				28D1D87B2449452D009AD8C8 /* Day86Tests */,
				28D1D8862449452E009AD8C8 /* Day86UITests */,
				28D1D8602449452C009AD8C8 /* Products */,
			);
			sourceTree = "<group>";
		};
		28D1D8602449452C009AD8C8 /* Products */ = {
			isa = PBXGroup;
			children = (
				28D1D85F2449452C009AD8C8 /* Day86.app */,
				28D1D8782449452D009AD8C8 /* Day86Tests.xctest */,
				28D1D8832449452E009AD8C8 /* Day86UITests.xctest */,
			);
			name = Products;
			sourceTree = "<group>";
		};
		28D1D8612449452C009AD8C8 /* Day86 */ = {
			isa = PBXGroup;
			children = (
				28D1D8622449452C009AD8C8 /* AppDelegate.swift */,
				28D1D8642449452C009AD8C8 /* SceneDelegate.swift */,
				28D1D8692449452C009AD8C8 /* ContentView.swift */,
				28D1D86B2449452D009AD8C8 /* Assets.xcassets */,
				28D1D8702449452D009AD8C8 /* LaunchScreen.storyboard */,
				28D1D8732449452D009AD8C8 /* Info.plist */,
				28D1D8662449452C009AD8C8 /* Day86.xcdatamodeld */,
				28D1D86D2449452D009AD8C8 /* Preview Content */,
			);
			path = Day86;
			sourceTree = "<group>";
		};
		28D1D86D2449452D009AD8C8 /* Preview Content */ = {
			isa = PBXGroup;
			children = (
				28D1D86E2449452D009AD8C8 /* Preview Assets.xcassets */,
			);
			path = "Preview Content";
			sourceTree = "<group>";
		};
		28D1D87B2449452D009AD8C8 /* Day86Tests */ = {
			isa = PBXGroup;
			children = (
				28D1D87C2449452D009AD8C8 /* Day86Tests.swift */,
				28D1D87E2449452D009AD8C8 /* Info.plist */,
			);
			path = Day86Tests;
			sourceTree = "<group>";
		};
		28D1D8862449452E009AD8C8 /* Day86UITests */ = {
			isa = PBXGroup;
			children = (
				28D1D8872449452E009AD8C8 /* Day86UITests.swift */,
				28D1D8892449452E009AD8C8 /* Info.plist */,
			);
			path = Day86UITests;
			sourceTree = "<group>";
		};
/* End PBXGroup section */

/* Begin PBXNativeTarget section */
		28D1D85E2449452C009AD8C8 /* Day86 */ = {
			isa = PBXNativeTarget;
			buildConfigurationList = 28D1D88C2449452E009AD8C8 /* Build configuration list for PBXNativeTarget "Day86" */;
			buildPhases = (
				28D1D85B2449452C009AD8C8 /* Sources */,
				28D1D85C2449452C009AD8C8 /* Frameworks */,
				28D1D85D2449452C009AD8C8 /* Resources */,
			);
			buildRules = (
			);
			dependencies = (
			);
			name = Day86;
			productName = Day86;
			productReference = 28D1D85F2449452C009AD8C8 /* Day86.app */;
			productType = "com.apple.product-type.application";
		};
		28D1D8772449452D009AD8C8 /* Day86Tests */ = {
			isa = PBXNativeTarget;
			buildConfigurationList = 28D1D88F2449452E009AD8C8 /* Build configuration list for PBXNativeTarget "Day86Tests" */;
			buildPhases = (
				28D1D8742449452D009AD8C8 /* Sources */,
				28D1D8752449452D009AD8C8 /* Frameworks */,
				28D1D8762449452D009AD8C8 /* Resources */,
			);
			buildRules = (
			);
			dependencies = (
				28D1D87A2449452D009AD8C8 /* PBXTargetDependency */,
			);
			name = Day86Tests;
			productName = Day86Tests;
			productReference = 28D1D8782449452D009AD8C8 /* Day86Tests.xctest */;
			productType = "com.apple.product-type.bundle.unit-test";
		};
		28D1D8822449452E009AD8C8 /* Day86UITests */ = {
			isa = PBXNativeTarget;
			buildConfigurationList = 28D1D8922449452E009AD8C8 /* Build configuration list for PBXNativeTarget "Day86UITests" */;
			buildPhases = (
				28D1D87F2449452E009AD8C8 /* Sources */,
				28D1D8802449452E009AD8C8 /* Frameworks */,
				28D1D8812449452E009AD8C8 /* Resources */,
			);
			buildRules = (
			);
			dependencies = (
				28D1D8852449452E009AD8C8 /* PBXTargetDependency */,
			);
			name = Day86UITests;
			productName = Day86UITests;
			productReference = 28D1D8832449452E009AD8C8 /* Day86UITests.xctest */;
			productType = "com.apple.product-type.bundle.ui-testing";
		};
/* End PBXNativeTarget section */

/* Begin PBXProject section */
		28D1D8572449452C009AD8C8 /* Project object */ = {
			isa = PBXProject;
			attributes = {
				LastSwiftUpdateCheck = 1140;
				LastUpgradeCheck = 1140;
				ORGANIZATIONNAME = "Viettasc Doan";
				TargetAttributes = {
					28D1D85E2449452C009AD8C8 = {
						CreatedOnToolsVersion = 11.4;
					};
					28D1D8772449452D009AD8C8 = {
						CreatedOnToolsVersion = 11.4;
						TestTargetID = 28D1D85E2449452C009AD8C8;
					};
					28D1D8822449452E009AD8C8 = {
						CreatedOnToolsVersion = 11.4;
						TestTargetID = 28D1D85E2449452C009AD8C8;
					};
				};
			};
			buildConfigurationList = 28D1D85A2449452C009AD8C8 /* Build configuration list for PBXProject "Day86" */;
			compatibilityVersion = "Xcode 9.3";
			developmentRegion = en;
			hasScannedForEncodings = 0;
			knownRegions = (
				en,
				Base,
			);
			mainGroup = 28D1D8562449452C009AD8C8;
			productRefGroup = 28D1D8602449452C009AD8C8 /* Products */;
			projectDirPath = "";
			projectRoot = "";
			targets = (
				28D1D85E2449452C009AD8C8 /* Day86 */,
				28D1D8772449452D009AD8C8 /* Day86Tests */,
				28D1D8822449452E009AD8C8 /* Day86UITests */,
			);
		};
/* End PBXProject section */

/* Begin PBXResourcesBuildPhase section */
		28D1D85D2449452C009AD8C8 /* Resources */ = {
			isa = PBXResourcesBuildPhase;
			buildActionMask = 2147483647;
			files = (
				28D1D8722449452D009AD8C8 /* LaunchScreen.storyboard in Resources */,
				28D1D86F2449452D009AD8C8 /* Preview Assets.xcassets in Resources */,
				28D1D86C2449452D009AD8C8 /* Assets.xcassets in Resources */,
			);
			runOnlyForDeploymentPostprocessing = 0;
		};
		28D1D8762449452D009AD8C8 /* Resources */ = {
			isa = PBXResourcesBuildPhase;
			buildActionMask = 2147483647;
			files = (
			);
			runOnlyForDeploymentPostprocessing = 0;
		};
		28D1D8812449452E009AD8C8 /* Resources */ = {
			isa = PBXResourcesBuildPhase;
			buildActionMask = 2147483647;
			files = (
			);
			runOnlyForDeploymentPostprocessing = 0;
		};
/* End PBXResourcesBuildPhase section */

/* Begin PBXSourcesBuildPhase section */
		28D1D85B2449452C009AD8C8 /* Sources */ = {
			isa = PBXSourcesBuildPhase;
			buildActionMask = 2147483647;
			files = (
				28D1D8632449452C009AD8C8 /* AppDelegate.swift in Sources */,
				28D1D8682449452C009AD8C8 /* Day86.xcdatamodeld in Sources */,
				28D1D86A2449452C009AD8C8 /* ContentView.swift in Sources */,
				28D1D8652449452C009AD8C8 /* SceneDelegate.swift in Sources */,
			);
			runOnlyForDeploymentPostprocessing = 0;
		};
		28D1D8742449452D009AD8C8 /* Sources */ = {
			isa = PBXSourcesBuildPhase;
			buildActionMask = 2147483647;
			files = (
				28D1D87D2449452D009AD8C8 /* Day86Tests.swift in Sources */,
			);
			runOnlyForDeploymentPostprocessing = 0;
		};
		28D1D87F2449452E009AD8C8 /* Sources */ = {
			isa = PBXSourcesBuildPhase;
			buildActionMask = 2147483647;
			files = (
				28D1D8882449452E009AD8C8 /* Day86UITests.swift in Sources */,
			);
			runOnlyForDeploymentPostprocessing = 0;
		};
/* End PBXSourcesBuildPhase section */

/* Begin PBXTargetDependency section */
		28D1D87A2449452D009AD8C8 /* PBXTargetDependency */ = {
			isa = PBXTargetDependency;
			target = 28D1D85E2449452C009AD8C8 /* Day86 */;
			targetProxy = 28D1D8792449452D009AD8C8 /* PBXContainerItemProxy */;
		};
		28D1D8852449452E009AD8C8 /* PBXTargetDependency */ = {
			isa = PBXTargetDependency;
			target = 28D1D85E2449452C009AD8C8 /* Day86 */;
			targetProxy = 28D1D8842449452E009AD8C8 /* PBXContainerItemProxy */;
		};
/* End PBXTargetDependency section */

/* Begin PBXVariantGroup section */
		28D1D8702449452D009AD8C8 /* LaunchScreen.storyboard */ = {
			isa = PBXVariantGroup;
			children = (
				28D1D8712449452D009AD8C8 /* Base */,
			);
			name = LaunchScreen.storyboard;
			sourceTree = "<group>";
		};
/* End PBXVariantGroup section */

/* Begin XCBuildConfiguration section */
		28D1D88A2449452E009AD8C8 /* Debug */ = {
			isa = XCBuildConfiguration;
			buildSettings = {
				ALWAYS_SEARCH_USER_PATHS = NO;
				CLANG_ANALYZER_NONNULL = YES;
				CLANG_ANALYZER_NUMBER_OBJECT_CONVERSION = YES_AGGRESSIVE;
				CLANG_CXX_LANGUAGE_STANDARD = "gnu++14";
				CLANG_CXX_LIBRARY = "libc++";
				CLANG_ENABLE_MODULES = YES;
				CLANG_ENABLE_OBJC_ARC = YES;
				CLANG_ENABLE_OBJC_WEAK = YES;
				CLANG_WARN_BLOCK_CAPTURE_AUTORELEASING = YES;
				CLANG_WARN_BOOL_CONVERSION = YES;
				CLANG_WARN_COMMA = YES;
				CLANG_WARN_CONSTANT_CONVERSION = YES;
				CLANG_WARN_DEPRECATED_OBJC_IMPLEMENTATIONS = YES;
				CLANG_WARN_DIRECT_OBJC_ISA_USAGE = YES_ERROR;
				CLANG_WARN_DOCUMENTATION_COMMENTS = YES;
				CLANG_WARN_EMPTY_BODY = YES;
				CLANG_WARN_ENUM_CONVERSION = YES;
				CLANG_WARN_INFINITE_RECURSION = YES;
				CLANG_WARN_INT_CONVERSION = YES;
				CLANG_WARN_NON_LITERAL_NULL_CONVERSION = YES;
				CLANG_WARN_OBJC_IMPLICIT_RETAIN_SELF = YES;
				CLANG_WARN_OBJC_LITERAL_CONVERSION = YES;
				CLANG_WARN_OBJC_ROOT_CLASS = YES_ERROR;
				CLANG_WARN_RANGE_LOOP_ANALYSIS = YES;
				CLANG_WARN_STRICT_PROTOTYPES = YES;
				CLANG_WARN_SUSPICIOUS_MOVE = YES;
				CLANG_WARN_UNGUARDED_AVAILABILITY = YES_AGGRESSIVE;
				CLANG_WARN_UNREACHABLE_CODE = YES;
				CLANG_WARN__DUPLICATE_METHOD_MATCH = YES;
				COPY_PHASE_STRIP = NO;
				DEBUG_INFORMATION_FORMAT = dwarf;
				ENABLE_STRICT_OBJC_MSGSEND = YES;
				ENABLE_TESTABILITY = YES;
				GCC_C_LANGUAGE_STANDARD = gnu11;
				GCC_DYNAMIC_NO_PIC = NO;
				GCC_NO_COMMON_BLOCKS = YES;
				GCC_OPTIMIZATION_LEVEL = 0;
				GCC_PREPROCESSOR_DEFINITIONS = (
					"DEBUG=1",
					"$(inherited)",
				);
				GCC_WARN_64_TO_32_BIT_CONVERSION = YES;
				GCC_WARN_ABOUT_RETURN_TYPE = YES_ERROR;
				GCC_WARN_UNDECLARED_SELECTOR = YES;
				GCC_WARN_UNINITIALIZED_AUTOS = YES_AGGRESSIVE;
				GCC_WARN_UNUSED_FUNCTION = YES;
				GCC_WARN_UNUSED_VARIABLE = YES;
				IPHONEOS_DEPLOYMENT_TARGET = 13.4;
				MTL_ENABLE_DEBUG_INFO = INCLUDE_SOURCE;
				MTL_FAST_MATH = YES;
				ONLY_ACTIVE_ARCH = YES;
				SDKROOT = iphoneos;
				SWIFT_ACTIVE_COMPILATION_CONDITIONS = DEBUG;
				SWIFT_OPTIMIZATION_LEVEL = "-Onone";
			};
			name = Debug;
		};
		28D1D88B2449452E009AD8C8 /* Release */ = {
			isa = XCBuildConfiguration;
			buildSettings = {
				ALWAYS_SEARCH_USER_PATHS = NO;
				CLANG_ANALYZER_NONNULL = YES;
				CLANG_ANALYZER_NUMBER_OBJECT_CONVERSION = YES_AGGRESSIVE;
				CLANG_CXX_LANGUAGE_STANDARD = "gnu++14";
				CLANG_CXX_LIBRARY = "libc++";
				CLANG_ENABLE_MODULES = YES;
				CLANG_ENABLE_OBJC_ARC = YES;
				CLANG_ENABLE_OBJC_WEAK = YES;
				CLANG_WARN_BLOCK_CAPTURE_AUTORELEASING = YES;
				CLANG_WARN_BOOL_CONVERSION = YES;
				CLANG_WARN_COMMA = YES;
				CLANG_WARN_CONSTANT_CONVERSION = YES;
				CLANG_WARN_DEPRECATED_OBJC_IMPLEMENTATIONS = YES;
				CLANG_WARN_DIRECT_OBJC_ISA_USAGE = YES_ERROR;
				CLANG_WARN_DOCUMENTATION_COMMENTS = YES;
				CLANG_WARN_EMPTY_BODY = YES;
				CLANG_WARN_ENUM_CONVERSION = YES;
				CLANG_WARN_INFINITE_RECURSION = YES;
				CLANG_WARN_INT_CONVERSION = YES;
				CLANG_WARN_NON_LITERAL_NULL_CONVERSION = YES;
				CLANG_WARN_OBJC_IMPLICIT_RETAIN_SELF = YES;
				CLANG_WARN_OBJC_LITERAL_CONVERSION = YES;
				CLANG_WARN_OBJC_ROOT_CLASS = YES_ERROR;
				CLANG_WARN_RANGE_LOOP_ANALYSIS = YES;
				CLANG_WARN_STRICT_PROTOTYPES = YES;
				CLANG_WARN_SUSPICIOUS_MOVE = YES;
				CLANG_WARN_UNGUARDED_AVAILABILITY = YES_AGGRESSIVE;
				CLANG_WARN_UNREACHABLE_CODE = YES;
				CLANG_WARN__DUPLICATE_METHOD_MATCH = YES;
				COPY_PHASE_STRIP = NO;
				DEBUG_INFORMATION_FORMAT = "dwarf-with-dsym";
				ENABLE_NS_ASSERTIONS = NO;
				ENABLE_STRICT_OBJC_MSGSEND = YES;
				GCC_C_LANGUAGE_STANDARD = gnu11;
				GCC_NO_COMMON_BLOCKS = YES;
				GCC_WARN_64_TO_32_BIT_CONVERSION = YES;
				GCC_WARN_ABOUT_RETURN_TYPE = YES_ERROR;
				GCC_WARN_UNDECLARED_SELECTOR = YES;
				GCC_WARN_UNINITIALIZED_AUTOS = YES_AGGRESSIVE;
				GCC_WARN_UNUSED_FUNCTION = YES;
				GCC_WARN_UNUSED_VARIABLE = YES;
				IPHONEOS_DEPLOYMENT_TARGET = 13.4;
				MTL_ENABLE_DEBUG_INFO = NO;
				MTL_FAST_MATH = YES;
				SDKROOT = iphoneos;
				SWIFT_COMPILATION_MODE = wholemodule;
				SWIFT_OPTIMIZATION_LEVEL = "-O";
				VALIDATE_PRODUCT = YES;
			};
			name = Release;
		};
		28D1D88D2449452E009AD8C8 /* Debug */ = {
			isa = XCBuildConfiguration;
			buildSettings = {
				ASSETCATALOG_COMPILER_APPICON_NAME = AppIcon;
				CODE_SIGN_STYLE = Automatic;
				DEVELOPMENT_ASSET_PATHS = "\"Day86/Preview Content\"";
				DEVELOPMENT_TEAM = 62WM398225;
				ENABLE_PREVIEWS = YES;
				INFOPLIST_FILE = Day86/Info.plist;
				LD_RUNPATH_SEARCH_PATHS = (
					"$(inherited)",
					"@executable_path/Frameworks",
				);
				PRODUCT_BUNDLE_IDENTIFIER = izzy.ace.mia.senegal.viettasc.Day86;
				PRODUCT_NAME = "$(TARGET_NAME)";
				SWIFT_VERSION = 5.0;
				TARGETED_DEVICE_FAMILY = "1,2";
			};
			name = Debug;
		};
		28D1D88E2449452E009AD8C8 /* Release */ = {
			isa = XCBuildConfiguration;
			buildSettings = {
				ASSETCATALOG_COMPILER_APPICON_NAME = AppIcon;
				CODE_SIGN_STYLE = Automatic;
				DEVELOPMENT_ASSET_PATHS = "\"Day86/Preview Content\"";
				DEVELOPMENT_TEAM = 62WM398225;
				ENABLE_PREVIEWS = YES;
				INFOPLIST_FILE = Day86/Info.plist;
				LD_RUNPATH_SEARCH_PATHS = (
					"$(inherited)",
					"@executable_path/Frameworks",
				);
				PRODUCT_BUNDLE_IDENTIFIER = izzy.ace.mia.senegal.viettasc.Day86;
				PRODUCT_NAME = "$(TARGET_NAME)";
				SWIFT_VERSION = 5.0;
				TARGETED_DEVICE_FAMILY = "1,2";
			};
			name = Release;
		};
		28D1D8902449452E009AD8C8 /* Debug */ = {
			isa = XCBuildConfiguration;
			buildSettings = {
				ALWAYS_EMBED_SWIFT_STANDARD_LIBRARIES = YES;
				BUNDLE_LOADER = "$(TEST_HOST)";
				CODE_SIGN_STYLE = Automatic;
				DEVELOPMENT_TEAM = 62WM398225;
				INFOPLIST_FILE = Day86Tests/Info.plist;
				IPHONEOS_DEPLOYMENT_TARGET = 13.4;
				LD_RUNPATH_SEARCH_PATHS = (
					"$(inherited)",
					"@executable_path/Frameworks",
					"@loader_path/Frameworks",
				);
				PRODUCT_BUNDLE_IDENTIFIER = izzy.ace.mia.senegal.viettasc.Day86Tests;
				PRODUCT_NAME = "$(TARGET_NAME)";
				SWIFT_VERSION = 5.0;
				TARGETED_DEVICE_FAMILY = "1,2";
				TEST_HOST = "$(BUILT_PRODUCTS_DIR)/Day86.app/Day86";
			};
			name = Debug;
		};
		28D1D8912449452E009AD8C8 /* Release */ = {
			isa = XCBuildConfiguration;
			buildSettings = {
				ALWAYS_EMBED_SWIFT_STANDARD_LIBRARIES = YES;
				BUNDLE_LOADER = "$(TEST_HOST)";
				CODE_SIGN_STYLE = Automatic;
				DEVELOPMENT_TEAM = 62WM398225;
				INFOPLIST_FILE = Day86Tests/Info.plist;
				IPHONEOS_DEPLOYMENT_TARGET = 13.4;
				LD_RUNPATH_SEARCH_PATHS = (
					"$(inherited)",
					"@executable_path/Frameworks",
					"@loader_path/Frameworks",
				);
				PRODUCT_BUNDLE_IDENTIFIER = izzy.ace.mia.senegal.viettasc.Day86Tests;
				PRODUCT_NAME = "$(TARGET_NAME)";
				SWIFT_VERSION = 5.0;
				TARGETED_DEVICE_FAMILY = "1,2";
				TEST_HOST = "$(BUILT_PRODUCTS_DIR)/Day86.app/Day86";
			};
			name = Release;
		};
		28D1D8932449452E009AD8C8 /* Debug */ = {
			isa = XCBuildConfiguration;
			buildSettings = {
				ALWAYS_EMBED_SWIFT_STANDARD_LIBRARIES = YES;
				CODE_SIGN_STYLE = Automatic;
				DEVELOPMENT_TEAM = 62WM398225;
				INFOPLIST_FILE = Day86UITests/Info.plist;
				LD_RUNPATH_SEARCH_PATHS = (
					"$(inherited)",
					"@executable_path/Frameworks",
					"@loader_path/Frameworks",
				);
				PRODUCT_BUNDLE_IDENTIFIER = izzy.ace.mia.senegal.viettasc.Day86UITests;
				PRODUCT_NAME = "$(TARGET_NAME)";
				SWIFT_VERSION = 5.0;
				TARGETED_DEVICE_FAMILY = "1,2";
				TEST_TARGET_NAME = Day86;
			};
			name = Debug;
		};
		28D1D8942449452E009AD8C8 /* Release */ = {
			isa = XCBuildConfiguration;
			buildSettings = {
				ALWAYS_EMBED_SWIFT_STANDARD_LIBRARIES = YES;
				CODE_SIGN_STYLE = Automatic;
				DEVELOPMENT_TEAM = 62WM398225;
				INFOPLIST_FILE = Day86UITests/Info.plist;
				LD_RUNPATH_SEARCH_PATHS = (
					"$(inherited)",
					"@executable_path/Frameworks",
					"@loader_path/Frameworks",
				);
				PRODUCT_BUNDLE_IDENTIFIER = izzy.ace.mia.senegal.viettasc.Day86UITests;
				PRODUCT_NAME = "$(TARGET_NAME)";
				SWIFT_VERSION = 5.0;
				TARGETED_DEVICE_FAMILY = "1,2";
				TEST_TARGET_NAME = Day86;
			};
			name = Release;
		};
/* End XCBuildConfiguration section */

/* Begin XCConfigurationList section */
		28D1D85A2449452C009AD8C8 /* Build configuration list for PBXProject "Day86" */ = {
			isa = XCConfigurationList;
			buildConfigurations = (
				28D1D88A2449452E009AD8C8 /* Debug */,
				28D1D88B2449452E009AD8C8 /* Release */,
			);
			defaultConfigurationIsVisible = 0;
			defaultConfigurationName = Release;
		};
		28D1D88C2449452E009AD8C8 /* Build configuration list for PBXNativeTarget "Day86" */ = {
			isa = XCConfigurationList;
			buildConfigurations = (
				28D1D88D2449452E009AD8C8 /* Debug */,
				28D1D88E2449452E009AD8C8 /* Release */,
			);
			defaultConfigurationIsVisible = 0;
			defaultConfigurationName = Release;
		};
		28D1D88F2449452E009AD8C8 /* Build configuration list for PBXNativeTarget "Day86Tests" */ = {
			isa = XCConfigurationList;
			buildConfigurations = (
				28D1D8902449452E009AD8C8 /* Debug */,
				28D1D8912449452E009AD8C8 /* Release */,
			);
			defaultConfigurationIsVisible = 0;
			defaultConfigurationName = Release;
		};
		28D1D8922449452E009AD8C8 /* Build configuration list for PBXNativeTarget "Day86UITests" */ = {
			isa = XCConfigurationList;
			buildConfigurations = (
				28D1D8932449452E009AD8C8 /* Debug */,
				28D1D8942449452E009AD8C8 /* Release */,
			);
			defaultConfigurationIsVisible = 0;
			defaultConfigurationName = Release;
		};
/* End XCConfigurationList section */

/* Begin XCVersionGroup section */
		28D1D8662449452C009AD8C8 /* Day86.xcdatamodeld */ = {
			isa = XCVersionGroup;
			children = (
				28D1D8672449452C009AD8C8 /* Day86.xcdatamodel */,
			);
			currentVersion = 28D1D8672449452C009AD8C8 /* Day86.xcdatamodel */;
			path = Day86.xcdatamodeld;
			sourceTree = "<group>";
			versionGroupType = wrapper.xcdatamodel;
		};
/* End XCVersionGroup section */
	};
	rootObject = 28D1D8572449452C009AD8C8 /* Project object */;
}
